# This file is automatically @generated by Cargo.
# It is not intended for manual editing.
[[package]]
name = "memchr"
version = "2.4.0"
source = "registry+https://github.com/rust-lang/crates.io-index"
checksum = "b16bd47d9e329435e309c58469fe0791c2d0d1ba96ec0954152a5ae2b04387dc"

[[package]]
name = "minidom"
version = "0.13.0"
source = "registry+https://github.com/rust-lang/crates.io-index"
checksum = "332592c2149fc7dd40a64fc9ef6f0d65607284b474cef9817d1fc8c7e7b3608e"
dependencies = [
 "quick-xml",
]

[[package]]
name = "quick-xml"
version = "0.20.0"
source = "registry+https://github.com/rust-lang/crates.io-index"
checksum = "26aab6b48e2590e4a64d1ed808749ba06257882b461d01ca71baeb747074a6dd"
dependencies = [
 "memchr",
]

[[package]]
name = "rota"
version = "0.1.0"
dependencies = [
 "minidom",
]
